// !$*UTF8*$!
{
	archiveVersion = 1;
	classes = {
	};
	objectVersion = 46;
	objects = {

/* Begin PBXBuildFile section */
		841F4A4C1AB222A400734C15 /* PBDetailVC.swift in Sources */ = {isa = PBXBuildFile; fileRef = 841F4A4B1AB222A400734C15 /* PBDetailVC.swift */; };
		845ADA911AA79EE700631507 /* Main.storyboard in Resources */ = {isa = PBXBuildFile; fileRef = 845ADA8F1AA79EE700631507 /* Main.storyboard */; };
		845ADA971AA8CADF00631507 /* DepositVC.swift in Sources */ = {isa = PBXBuildFile; fileRef = 845ADA961AA8CADF00631507 /* DepositVC.swift */; };
		846123E01A9B918B008B1B4F /* AppDelegate.swift in Sources */ = {isa = PBXBuildFile; fileRef = 846123DF1A9B918B008B1B4F /* AppDelegate.swift */; };
		846123E71A9B918B008B1B4F /* Images.xcassets in Resources */ = {isa = PBXBuildFile; fileRef = 846123E61A9B918B008B1B4F /* Images.xcassets */; };
		846123EA1A9B918B008B1B4F /* LaunchScreen.xib in Resources */ = {isa = PBXBuildFile; fileRef = 846123E81A9B918B008B1B4F /* LaunchScreen.xib */; };
		846123F61A9B918B008B1B4F /* PiggyBanksTests.swift in Sources */ = {isa = PBXBuildFile; fileRef = 846123F51A9B918B008B1B4F /* PiggyBanksTests.swift */; };
		846124061A9B9358008B1B4F /* PiggyBanksTVC.swift in Sources */ = {isa = PBXBuildFile; fileRef = 846124051A9B9358008B1B4F /* PiggyBanksTVC.swift */; };
		846124081A9B93A2008B1B4F /* PiggyBanksModel.swift in Sources */ = {isa = PBXBuildFile; fileRef = 846124071A9B93A2008B1B4F /* PiggyBanksModel.swift */; };
		8461240E1A9BAC34008B1B4F /* AddBankVC.swift in Sources */ = {isa = PBXBuildFile; fileRef = 8461240D1A9BAC34008B1B4F /* AddBankVC.swift */; };
		847886311AB3483E00D2907F /* piggybank_ico_76.png in Resources */ = {isa = PBXBuildFile; fileRef = 847886301AB3483E00D2907F /* piggybank_ico_76.png */; };
		847886331AB348E400D2907F /* piggybank_ico_152.png in Resources */ = {isa = PBXBuildFile; fileRef = 847886321AB348E400D2907F /* piggybank_ico_152.png */; };
		848AD2A21AACEDD600FCFE0A /* PiggyBankCell.swift in Sources */ = {isa = PBXBuildFile; fileRef = 848AD2A11AACEDD600FCFE0A /* PiggyBankCell.swift */; };
		848CC1EE1AB0DDDB00038CC7 /* piggybank_icon_120.png in Resources */ = {isa = PBXBuildFile; fileRef = 848CC1ED1AB0DDDB00038CC7 /* piggybank_icon_120.png */; };
		848CC1F01AB0DE4A00038CC7 /* piggybank_icon_180.png in Resources */ = {isa = PBXBuildFile; fileRef = 848CC1EF1AB0DE4A00038CC7 /* piggybank_icon_180.png */; };
		84BE4B5C1AB08F32000F90A4 /* piggybank_0.png in Resources */ = {isa = PBXBuildFile; fileRef = 84BE4B551AB08F32000F90A4 /* piggybank_0.png */; };
		84BE4B5D1AB08F32000F90A4 /* piggybank_1.png in Resources */ = {isa = PBXBuildFile; fileRef = 84BE4B561AB08F32000F90A4 /* piggybank_1.png */; };
		84BE4B5E1AB08F32000F90A4 /* piggybank_100.png in Resources */ = {isa = PBXBuildFile; fileRef = 84BE4B571AB08F32000F90A4 /* piggybank_100.png */; };
		84BE4B5F1AB08F32000F90A4 /* piggybank_25.png in Resources */ = {isa = PBXBuildFile; fileRef = 84BE4B581AB08F32000F90A4 /* piggybank_25.png */; };
		84BE4B601AB08F32000F90A4 /* piggybank_50.png in Resources */ = {isa = PBXBuildFile; fileRef = 84BE4B591AB08F32000F90A4 /* piggybank_50.png */; };
		84BE4B611AB08F32000F90A4 /* piggybank_75.png in Resources */ = {isa = PBXBuildFile; fileRef = 84BE4B5A1AB08F32000F90A4 /* piggybank_75.png */; };
		84D6FB771AC476720042A95C /* PiggyBanks.xcdatamodeld in Sources */ = {isa = PBXBuildFile; fileRef = 84D6FB751AC476720042A95C /* PiggyBanks.xcdatamodeld */; };
		84D6FB7B1AC47B910042A95C /* PiggyBank.m in Sources */ = {isa = PBXBuildFile; fileRef = 84D6FB7A1AC47B910042A95C /* PiggyBank.m */; };
		84DAF8991AC8270500E4D6A0 /* Month.swift in Sources */ = {isa = PBXBuildFile; fileRef = 84DAF8981AC8270500E4D6A0 /* Month.swift */; };
		84DAF8A31AC9ADA400E4D6A0 /* Bill.swift in Sources */ = {isa = PBXBuildFile; fileRef = 84DAF8A21AC9ADA400E4D6A0 /* Bill.swift */; };
		84DB0C421AC09821000C7144 /* PiggyBank.swift in Sources */ = {isa = PBXBuildFile; fileRef = 84DB0C411AC09821000C7144 /* PiggyBank.swift */; };
		84DB0C441AC1AC02000C7144 /* PBVC.swift in Sources */ = {isa = PBXBuildFile; fileRef = 84DB0C431AC1AC02000C7144 /* PBVC.swift */; };
		84DB0C461AC24CEB000C7144 /* piggybank_gray.png in Resources */ = {isa = PBXBuildFile; fileRef = 84DB0C451AC24CEB000C7144 /* piggybank_gray.png */; };
/* End PBXBuildFile section */

/* Begin PBXContainerItemProxy section */
		846123F01A9B918B008B1B4F /* PBXContainerItemProxy */ = {
			isa = PBXContainerItemProxy;
			containerPortal = 846123D21A9B918B008B1B4F /* Project object */;
			proxyType = 1;
			remoteGlobalIDString = 846123D91A9B918B008B1B4F;
			remoteInfo = PiggyBanks;
		};
/* End PBXContainerItemProxy section */

/* Begin PBXFileReference section */
		841F4A4B1AB222A400734C15 /* PBDetailVC.swift */ = {isa = PBXFileReference; fileEncoding = 4; lastKnownFileType = sourcecode.swift; path = PBDetailVC.swift; sourceTree = "<group>"; };
		845ADA901AA79EE700631507 /* Base */ = {isa = PBXFileReference; lastKnownFileType = file.storyboard; name = Base; path = Base.lproj/Main.storyboard; sourceTree = "<group>"; };
		845ADA961AA8CADF00631507 /* DepositVC.swift */ = {isa = PBXFileReference; fileEncoding = 4; lastKnownFileType = sourcecode.swift; path = DepositVC.swift; sourceTree = "<group>"; };
		846123DA1A9B918B008B1B4F /* PiggyBanks.app */ = {isa = PBXFileReference; explicitFileType = wrapper.application; includeInIndex = 0; path = PiggyBanks.app; sourceTree = BUILT_PRODUCTS_DIR; };
		846123DE1A9B918B008B1B4F /* Info.plist */ = {isa = PBXFileReference; lastKnownFileType = text.plist.xml; path = Info.plist; sourceTree = "<group>"; };
		846123DF1A9B918B008B1B4F /* AppDelegate.swift */ = {isa = PBXFileReference; lastKnownFileType = sourcecode.swift; path = AppDelegate.swift; sourceTree = "<group>"; };
		846123E61A9B918B008B1B4F /* Images.xcassets */ = {isa = PBXFileReference; lastKnownFileType = folder.assetcatalog; path = Images.xcassets; sourceTree = "<group>"; };
		846123E91A9B918B008B1B4F /* Base */ = {isa = PBXFileReference; lastKnownFileType = file.xib; name = Base; path = Base.lproj/LaunchScreen.xib; sourceTree = "<group>"; };
		846123EF1A9B918B008B1B4F /* PiggyBanksTests.xctest */ = {isa = PBXFileReference; explicitFileType = wrapper.cfbundle; includeInIndex = 0; path = PiggyBanksTests.xctest; sourceTree = BUILT_PRODUCTS_DIR; };
		846123F41A9B918B008B1B4F /* Info.plist */ = {isa = PBXFileReference; lastKnownFileType = text.plist.xml; path = Info.plist; sourceTree = "<group>"; };
		846123F51A9B918B008B1B4F /* PiggyBanksTests.swift */ = {isa = PBXFileReference; lastKnownFileType = sourcecode.swift; path = PiggyBanksTests.swift; sourceTree = "<group>"; };
		846124051A9B9358008B1B4F /* PiggyBanksTVC.swift */ = {isa = PBXFileReference; fileEncoding = 4; lastKnownFileType = sourcecode.swift; path = PiggyBanksTVC.swift; sourceTree = "<group>"; };
		846124071A9B93A2008B1B4F /* PiggyBanksModel.swift */ = {isa = PBXFileReference; fileEncoding = 4; lastKnownFileType = sourcecode.swift; path = PiggyBanksModel.swift; sourceTree = "<group>"; };
		8461240D1A9BAC34008B1B4F /* AddBankVC.swift */ = {isa = PBXFileReference; fileEncoding = 4; lastKnownFileType = sourcecode.swift; path = AddBankVC.swift; sourceTree = "<group>"; };
		847886301AB3483E00D2907F /* piggybank_ico_76.png */ = {isa = PBXFileReference; lastKnownFileType = image.png; path = piggybank_ico_76.png; sourceTree = "<group>"; };
		847886321AB348E400D2907F /* piggybank_ico_152.png */ = {isa = PBXFileReference; lastKnownFileType = image.png; path = piggybank_ico_152.png; sourceTree = "<group>"; };
		848AD2A11AACEDD600FCFE0A /* PiggyBankCell.swift */ = {isa = PBXFileReference; fileEncoding = 4; lastKnownFileType = sourcecode.swift; path = PiggyBankCell.swift; sourceTree = "<group>"; };
		848CC1ED1AB0DDDB00038CC7 /* piggybank_icon_120.png */ = {isa = PBXFileReference; lastKnownFileType = image.png; path = piggybank_icon_120.png; sourceTree = "<group>"; };
		848CC1EF1AB0DE4A00038CC7 /* piggybank_icon_180.png */ = {isa = PBXFileReference; lastKnownFileType = image.png; path = piggybank_icon_180.png; sourceTree = "<group>"; };
		84BE4B551AB08F32000F90A4 /* piggybank_0.png */ = {isa = PBXFileReference; lastKnownFileType = image.png; path = piggybank_0.png; sourceTree = "<group>"; };
		84BE4B561AB08F32000F90A4 /* piggybank_1.png */ = {isa = PBXFileReference; lastKnownFileType = image.png; path = piggybank_1.png; sourceTree = "<group>"; };
		84BE4B571AB08F32000F90A4 /* piggybank_100.png */ = {isa = PBXFileReference; lastKnownFileType = image.png; path = piggybank_100.png; sourceTree = "<group>"; };
		84BE4B581AB08F32000F90A4 /* piggybank_25.png */ = {isa = PBXFileReference; lastKnownFileType = image.png; path = piggybank_25.png; sourceTree = "<group>"; };
		84BE4B591AB08F32000F90A4 /* piggybank_50.png */ = {isa = PBXFileReference; lastKnownFileType = image.png; path = piggybank_50.png; sourceTree = "<group>"; };
		84BE4B5A1AB08F32000F90A4 /* piggybank_75.png */ = {isa = PBXFileReference; lastKnownFileType = image.png; path = piggybank_75.png; sourceTree = "<group>"; };
		84D6FB761AC476720042A95C /* PiggyBanks.xcdatamodel */ = {isa = PBXFileReference; lastKnownFileType = wrapper.xcdatamodel; path = PiggyBanks.xcdatamodel; sourceTree = "<group>"; };
		84D6FB781AC47B900042A95C /* PiggyBanks-Bridging-Header.h */ = {isa = PBXFileReference; lastKnownFileType = sourcecode.c.h; path = "PiggyBanks-Bridging-Header.h"; sourceTree = "<group>"; };
		84D6FB791AC47B910042A95C /* PiggyBank.h */ = {isa = PBXFileReference; fileEncoding = 4; lastKnownFileType = sourcecode.c.h; name = PiggyBank.h; path = PiggyBanks/PiggyBank.h; sourceTree = "<group>"; };
		84D6FB7A1AC47B910042A95C /* PiggyBank.m */ = {isa = PBXFileReference; fileEncoding = 4; lastKnownFileType = sourcecode.c.objc; name = PiggyBank.m; path = PiggyBanks/PiggyBank.m; sourceTree = "<group>"; };
		84DAF8981AC8270500E4D6A0 /* Month.swift */ = {isa = PBXFileReference; fileEncoding = 4; lastKnownFileType = sourcecode.swift; path = Month.swift; sourceTree = "<group>"; };
		84DAF8A21AC9ADA400E4D6A0 /* Bill.swift */ = {isa = PBXFileReference; fileEncoding = 4; lastKnownFileType = sourcecode.swift; path = Bill.swift; sourceTree = "<group>"; };
		84DB0C411AC09821000C7144 /* PiggyBank.swift */ = {isa = PBXFileReference; fileEncoding = 4; lastKnownFileType = sourcecode.swift; path = PiggyBank.swift; sourceTree = "<group>"; };
		84DB0C431AC1AC02000C7144 /* PBVC.swift */ = {isa = PBXFileReference; fileEncoding = 4; lastKnownFileType = sourcecode.swift; path = PBVC.swift; sourceTree = "<group>"; };
		84DB0C451AC24CEB000C7144 /* piggybank_gray.png */ = {isa = PBXFileReference; lastKnownFileType = image.png; path = piggybank_gray.png; sourceTree = "<group>"; };
/* End PBXFileReference section */

/* Begin PBXFrameworksBuildPhase section */
		846123D71A9B918B008B1B4F /* Frameworks */ = {
			isa = PBXFrameworksBuildPhase;
			buildActionMask = 2147483647;
			files = (
			);
			runOnlyForDeploymentPostprocessing = 0;
		};
		846123EC1A9B918B008B1B4F /* Frameworks */ = {
			isa = PBXFrameworksBuildPhase;
			buildActionMask = 2147483647;
			files = (
			);
			runOnlyForDeploymentPostprocessing = 0;
		};
/* End PBXFrameworksBuildPhase section */

/* Begin PBXGroup section */
		846123D11A9B918B008B1B4F = {
			isa = PBXGroup;
			children = (
				846123DC1A9B918B008B1B4F /* PiggyBanks */,
				84D6FB791AC47B910042A95C /* PiggyBank.h */,
				84D6FB7A1AC47B910042A95C /* PiggyBank.m */,
				846123F21A9B918B008B1B4F /* PiggyBanksTests */,
				846123DB1A9B918B008B1B4F /* Products */,
				84D6FB781AC47B900042A95C /* PiggyBanks-Bridging-Header.h */,
			);
			sourceTree = "<group>";
		};
		846123DB1A9B918B008B1B4F /* Products */ = {
			isa = PBXGroup;
			children = (
				846123DA1A9B918B008B1B4F /* PiggyBanks.app */,
				846123EF1A9B918B008B1B4F /* PiggyBanksTests.xctest */,
			);
			name = Products;
			sourceTree = "<group>";
		};
		846123DC1A9B918B008B1B4F /* PiggyBanks */ = {
			isa = PBXGroup;
			children = (
				845ADA8F1AA79EE700631507 /* Main.storyboard */,
				846124051A9B9358008B1B4F /* PiggyBanksTVC.swift */,
				848AD2A11AACEDD600FCFE0A /* PiggyBankCell.swift */,
				846124071A9B93A2008B1B4F /* PiggyBanksModel.swift */,
				84DB0C411AC09821000C7144 /* PiggyBank.swift */,
				845ADA961AA8CADF00631507 /* DepositVC.swift */,
				84DB0C431AC1AC02000C7144 /* PBVC.swift */,
				841F4A4B1AB222A400734C15 /* PBDetailVC.swift */,
				8461240D1A9BAC34008B1B4F /* AddBankVC.swift */,
				84BE4B541AB08F32000F90A4 /* Images */,
				846123DD1A9B918B008B1B4F /* Supporting Files */,
			);
			path = PiggyBanks;
			sourceTree = "<group>";
		};
		846123DD1A9B918B008B1B4F /* Supporting Files */ = {
			isa = PBXGroup;
			children = (
				846123DF1A9B918B008B1B4F /* AppDelegate.swift */,
				84D6FB751AC476720042A95C /* PiggyBanks.xcdatamodeld */,
				84DAF8A21AC9ADA400E4D6A0 /* Bill.swift */,
				84DAF8981AC8270500E4D6A0 /* Month.swift */,
				846123E61A9B918B008B1B4F /* Images.xcassets */,
				846123E81A9B918B008B1B4F /* LaunchScreen.xib */,
				846123DE1A9B918B008B1B4F /* Info.plist */,
			);
			name = "Supporting Files";
			sourceTree = "<group>";
		};
		846123F21A9B918B008B1B4F /* PiggyBanksTests */ = {
			isa = PBXGroup;
			children = (
				846123F51A9B918B008B1B4F /* PiggyBanksTests.swift */,
				846123F31A9B918B008B1B4F /* Supporting Files */,
			);
			path = PiggyBanksTests;
			sourceTree = "<group>";
		};
		846123F31A9B918B008B1B4F /* Supporting Files */ = {
			isa = PBXGroup;
			children = (
				846123F41A9B918B008B1B4F /* Info.plist */,
			);
			name = "Supporting Files";
			sourceTree = "<group>";
		};
		84BE4B541AB08F32000F90A4 /* Images */ = {
			isa = PBXGroup;
			children = (
				84DB0C451AC24CEB000C7144 /* piggybank_gray.png */,
				847886301AB3483E00D2907F /* piggybank_ico_76.png */,
				847886321AB348E400D2907F /* piggybank_ico_152.png */,
				848CC1EF1AB0DE4A00038CC7 /* piggybank_icon_180.png */,
				848CC1ED1AB0DDDB00038CC7 /* piggybank_icon_120.png */,
				84BE4B551AB08F32000F90A4 /* piggybank_0.png */,
				84BE4B561AB08F32000F90A4 /* piggybank_1.png */,
				84BE4B571AB08F32000F90A4 /* piggybank_100.png */,
				84BE4B581AB08F32000F90A4 /* piggybank_25.png */,
				84BE4B591AB08F32000F90A4 /* piggybank_50.png */,
				84BE4B5A1AB08F32000F90A4 /* piggybank_75.png */,
			);
			name = Images;
			path = images;
			sourceTree = "<group>";
		};
/* End PBXGroup section */

/* Begin PBXNativeTarget section */
		846123D91A9B918B008B1B4F /* PiggyBanks */ = {
			isa = PBXNativeTarget;
			buildConfigurationList = 846123F91A9B918B008B1B4F /* Build configuration list for PBXNativeTarget "PiggyBanks" */;
			buildPhases = (
				846123D61A9B918B008B1B4F /* Sources */,
				846123D71A9B918B008B1B4F /* Frameworks */,
				846123D81A9B918B008B1B4F /* Resources */,
			);
			buildRules = (
			);
			dependencies = (
			);
			name = PiggyBanks;
			productName = PiggyBanks;
			productReference = 846123DA1A9B918B008B1B4F /* PiggyBanks.app */;
			productType = "com.apple.product-type.application";
		};
		846123EE1A9B918B008B1B4F /* PiggyBanksTests */ = {
			isa = PBXNativeTarget;
			buildConfigurationList = 846123FC1A9B918B008B1B4F /* Build configuration list for PBXNativeTarget "PiggyBanksTests" */;
			buildPhases = (
				846123EB1A9B918B008B1B4F /* Sources */,
				846123EC1A9B918B008B1B4F /* Frameworks */,
				846123ED1A9B918B008B1B4F /* Resources */,
			);
			buildRules = (
			);
			dependencies = (
				846123F11A9B918B008B1B4F /* PBXTargetDependency */,
			);
			name = PiggyBanksTests;
			productName = PiggyBanksTests;
			productReference = 846123EF1A9B918B008B1B4F /* PiggyBanksTests.xctest */;
			productType = "com.apple.product-type.bundle.unit-test";
		};
/* End PBXNativeTarget section */

/* Begin PBXProject section */
		846123D21A9B918B008B1B4F /* Project object */ = {
			isa = PBXProject;
			attributes = {
				LastUpgradeCheck = 0610;
				ORGANIZATIONNAME = "Adam Wayland";
				TargetAttributes = {
					846123D91A9B918B008B1B4F = {
						CreatedOnToolsVersion = 6.1.1;
					};
					846123EE1A9B918B008B1B4F = {
						CreatedOnToolsVersion = 6.1.1;
						TestTargetID = 846123D91A9B918B008B1B4F;
					};
				};
			};
			buildConfigurationList = 846123D51A9B918B008B1B4F /* Build configuration list for PBXProject "PiggyBanks" */;
			compatibilityVersion = "Xcode 3.2";
			developmentRegion = English;
			hasScannedForEncodings = 0;
			knownRegions = (
				en,
				Base,
			);
			mainGroup = 846123D11A9B918B008B1B4F;
			productRefGroup = 846123DB1A9B918B008B1B4F /* Products */;
			projectDirPath = "";
			projectRoot = "";
			targets = (
				846123D91A9B918B008B1B4F /* PiggyBanks */,
				846123EE1A9B918B008B1B4F /* PiggyBanksTests */,
			);
		};
/* End PBXProject section */

/* Begin PBXResourcesBuildPhase section */
		846123D81A9B918B008B1B4F /* Resources */ = {
			isa = PBXResourcesBuildPhase;
			buildActionMask = 2147483647;
			files = (
				84BE4B5E1AB08F32000F90A4 /* piggybank_100.png in Resources */,
				847886311AB3483E00D2907F /* piggybank_ico_76.png in Resources */,
				845ADA911AA79EE700631507 /* Main.storyboard in Resources */,
				847886331AB348E400D2907F /* piggybank_ico_152.png in Resources */,
				848CC1EE1AB0DDDB00038CC7 /* piggybank_icon_120.png in Resources */,
				84BE4B5F1AB08F32000F90A4 /* piggybank_25.png in Resources */,
				84BE4B5C1AB08F32000F90A4 /* piggybank_0.png in Resources */,
				846123EA1A9B918B008B1B4F /* LaunchScreen.xib in Resources */,
				84BE4B601AB08F32000F90A4 /* piggybank_50.png in Resources */,
				84DB0C461AC24CEB000C7144 /* piggybank_gray.png in Resources */,
				84BE4B611AB08F32000F90A4 /* piggybank_75.png in Resources */,
				84BE4B5D1AB08F32000F90A4 /* piggybank_1.png in Resources */,
				848CC1F01AB0DE4A00038CC7 /* piggybank_icon_180.png in Resources */,
				846123E71A9B918B008B1B4F /* Images.xcassets in Resources */,
			);
			runOnlyForDeploymentPostprocessing = 0;
		};
		846123ED1A9B918B008B1B4F /* Resources */ = {
			isa = PBXResourcesBuildPhase;
			buildActionMask = 2147483647;
			files = (
			);
			runOnlyForDeploymentPostprocessing = 0;
		};
/* End PBXResourcesBuildPhase section */

/* Begin PBXSourcesBuildPhase section */
		846123D61A9B918B008B1B4F /* Sources */ = {
			isa = PBXSourcesBuildPhase;
			buildActionMask = 2147483647;
			files = (
				846124081A9B93A2008B1B4F /* PiggyBanksModel.swift in Sources */,
				841F4A4C1AB222A400734C15 /* PBDetailVC.swift in Sources */,
				8461240E1A9BAC34008B1B4F /* AddBankVC.swift in Sources */,
				846124061A9B9358008B1B4F /* PiggyBanksTVC.swift in Sources */,
				84D6FB771AC476720042A95C /* PiggyBanks.xcdatamodeld in Sources */,
				846123E01A9B918B008B1B4F /* AppDelegate.swift in Sources */,
				845ADA971AA8CADF00631507 /* DepositVC.swift in Sources */,
				84DB0C441AC1AC02000C7144 /* PBVC.swift in Sources */,
				84D6FB7B1AC47B910042A95C /* PiggyBank.m in Sources */,
				84DB0C421AC09821000C7144 /* PiggyBank.swift in Sources */,
				848AD2A21AACEDD600FCFE0A /* PiggyBankCell.swift in Sources */,
				84DAF8991AC8270500E4D6A0 /* Month.swift in Sources */,
				84DAF8A31AC9ADA400E4D6A0 /* Bill.swift in Sources */,
			);
			runOnlyForDeploymentPostprocessing = 0;
		};
		846123EB1A9B918B008B1B4F /* Sources */ = {
			isa = PBXSourcesBuildPhase;
			buildActionMask = 2147483647;
			files = (
				846123F61A9B918B008B1B4F /* PiggyBanksTests.swift in Sources */,
			);
			runOnlyForDeploymentPostprocessing = 0;
		};
/* End PBXSourcesBuildPhase section */

/* Begin PBXTargetDependency section */
		846123F11A9B918B008B1B4F /* PBXTargetDependency */ = {
			isa = PBXTargetDependency;
			target = 846123D91A9B918B008B1B4F /* PiggyBanks */;
			targetProxy = 846123F01A9B918B008B1B4F /* PBXContainerItemProxy */;
		};
/* End PBXTargetDependency section */

/* Begin PBXVariantGroup section */
		845ADA8F1AA79EE700631507 /* Main.storyboard */ = {
			isa = PBXVariantGroup;
			children = (
				845ADA901AA79EE700631507 /* Base */,
			);
			name = Main.storyboard;
			sourceTree = "<group>";
		};
		846123E81A9B918B008B1B4F /* LaunchScreen.xib */ = {
			isa = PBXVariantGroup;
			children = (
				846123E91A9B918B008B1B4F /* Base */,
			);
			name = LaunchScreen.xib;
			sourceTree = "<group>";
		};
/* End PBXVariantGroup section */

/* Begin XCBuildConfiguration section */
		846123F71A9B918B008B1B4F /* Debug */ = {
			isa = XCBuildConfiguration;
			buildSettings = {
				ALWAYS_SEARCH_USER_PATHS = NO;
				CLANG_CXX_LANGUAGE_STANDARD = "gnu++0x";
				CLANG_CXX_LIBRARY = "libc++";
				CLANG_ENABLE_MODULES = YES;
				CLANG_ENABLE_OBJC_ARC = YES;
				CLANG_WARN_BOOL_CONVERSION = YES;
				CLANG_WARN_CONSTANT_CONVERSION = YES;
				CLANG_WARN_DIRECT_OBJC_ISA_USAGE = YES_ERROR;
				CLANG_WARN_EMPTY_BODY = YES;
				CLANG_WARN_ENUM_CONVERSION = YES;
				CLANG_WARN_INT_CONVERSION = YES;
				CLANG_WARN_OBJC_ROOT_CLASS = YES_ERROR;
				CLANG_WARN_UNREACHABLE_CODE = YES;
				CLANG_WARN__DUPLICATE_METHOD_MATCH = YES;
				"CODE_SIGN_IDENTITY[sdk=iphoneos*]" = "iPhone Developer";
				COPY_PHASE_STRIP = NO;
				ENABLE_STRICT_OBJC_MSGSEND = YES;
				GCC_C_LANGUAGE_STANDARD = gnu99;
				GCC_DYNAMIC_NO_PIC = NO;
				GCC_OPTIMIZATION_LEVEL = 0;
				GCC_PREPROCESSOR_DEFINITIONS = (
					"DEBUG=1",
					"$(inherited)",
				);
				GCC_SYMBOLS_PRIVATE_EXTERN = NO;
				GCC_WARN_64_TO_32_BIT_CONVERSION = YES;
				GCC_WARN_ABOUT_RETURN_TYPE = YES_ERROR;
				GCC_WARN_UNDECLARED_SELECTOR = YES;
				GCC_WARN_UNINITIALIZED_AUTOS = YES_AGGRESSIVE;
				GCC_WARN_UNUSED_FUNCTION = YES;
				GCC_WARN_UNUSED_VARIABLE = YES;
				IPHONEOS_DEPLOYMENT_TARGET = 8.1;
				MTL_ENABLE_DEBUG_INFO = YES;
				ONLY_ACTIVE_ARCH = YES;
				SDKROOT = iphoneos;
				SWIFT_OPTIMIZATION_LEVEL = "-Onone";
				TARGETED_DEVICE_FAMILY = "1,2";
			};
			name = Debug;
		};
		846123F81A9B918B008B1B4F /* Release */ = {
			isa = XCBuildConfiguration;
			buildSettings = {
				ALWAYS_SEARCH_USER_PATHS = NO;
				CLANG_CXX_LANGUAGE_STANDARD = "gnu++0x";
				CLANG_CXX_LIBRARY = "libc++";
				CLANG_ENABLE_MODULES = YES;
				CLANG_ENABLE_OBJC_ARC = YES;
				CLANG_WARN_BOOL_CONVERSION = YES;
				CLANG_WARN_CONSTANT_CONVERSION = YES;
				CLANG_WARN_DIRECT_OBJC_ISA_USAGE = YES_ERROR;
				CLANG_WARN_EMPTY_BODY = YES;
				CLANG_WARN_ENUM_CONVERSION = YES;
				CLANG_WARN_INT_CONVERSION = YES;
				CLANG_WARN_OBJC_ROOT_CLASS = YES_ERROR;
				CLANG_WARN_UNREACHABLE_CODE = YES;
				CLANG_WARN__DUPLICATE_METHOD_MATCH = YES;
				"CODE_SIGN_IDENTITY[sdk=iphoneos*]" = "iPhone Developer";
				COPY_PHASE_STRIP = YES;
				ENABLE_NS_ASSERTIONS = NO;
				ENABLE_STRICT_OBJC_MSGSEND = YES;
				GCC_C_LANGUAGE_STANDARD = gnu99;
				GCC_WARN_64_TO_32_BIT_CONVERSION = YES;
				GCC_WARN_ABOUT_RETURN_TYPE = YES_ERROR;
				GCC_WARN_UNDECLARED_SELECTOR = YES;
				GCC_WARN_UNINITIALIZED_AUTOS = YES_AGGRESSIVE;
				GCC_WARN_UNUSED_FUNCTION = YES;
				GCC_WARN_UNUSED_VARIABLE = YES;
				IPHONEOS_DEPLOYMENT_TARGET = 8.1;
				MTL_ENABLE_DEBUG_INFO = NO;
				SDKROOT = iphoneos;
				TARGETED_DEVICE_FAMILY = "1,2";
				VALIDATE_PRODUCT = YES;
			};
			name = Release;
		};
		846123FA1A9B918B008B1B4F /* Debug */ = {
			isa = XCBuildConfiguration;
			buildSettings = {
				ASSETCATALOG_COMPILER_APPICON_NAME = AppIcon;
				CLANG_ENABLE_MODULES = YES;
				INFOPLIST_FILE = PiggyBanks/Info.plist;
				LD_RUNPATH_SEARCH_PATHS = "$(inherited) @executable_path/Frameworks";
				PRODUCT_NAME = "$(TARGET_NAME)";
				SWIFT_OBJC_BRIDGING_HEADER = "PiggyBanks-Bridging-Header.h";
				SWIFT_OPTIMIZATION_LEVEL = "-Onone";
			};
			name = Debug;
		};
		846123FB1A9B918B008B1B4F /* Release */ = {
			isa = XCBuildConfiguration;
			buildSettings = {
				ASSETCATALOG_COMPILER_APPICON_NAME = AppIcon;
				CLANG_ENABLE_MODULES = YES;
				INFOPLIST_FILE = PiggyBanks/Info.plist;
				LD_RUNPATH_SEARCH_PATHS = "$(inherited) @executable_path/Frameworks";
				PRODUCT_NAME = "$(TARGET_NAME)";
				SWIFT_OBJC_BRIDGING_HEADER = "PiggyBanks-Bridging-Header.h";
			};
			name = Release;
		};
		846123FD1A9B918B008B1B4F /* Debug */ = {
			isa = XCBuildConfiguration;
			buildSettings = {
				BUNDLE_LOADER = "$(TEST_HOST)";
				FRAMEWORK_SEARCH_PATHS = (
					"$(SDKROOT)/Developer/Library/Frameworks",
					"$(inherited)",
				);
				GCC_PREPROCESSOR_DEFINITIONS = (
					"DEBUG=1",
					"$(inherited)",
				);
				INFOPLIST_FILE = PiggyBanksTests/Info.plist;
				LD_RUNPATH_SEARCH_PATHS = "$(inherited) @executable_path/Frameworks @loader_path/Frameworks";
				PRODUCT_NAME = "$(TARGET_NAME)";
				TEST_HOST = "$(BUILT_PRODUCTS_DIR)/PiggyBanks.app/PiggyBanks";
			};
			name = Debug;
		};
		846123FE1A9B918B008B1B4F /* Release */ = {
			isa = XCBuildConfiguration;
			buildSettings = {
				BUNDLE_LOADER = "$(TEST_HOST)";
				FRAMEWORK_SEARCH_PATHS = (
					"$(SDKROOT)/Developer/Library/Frameworks",
					"$(inherited)",
				);
				INFOPLIST_FILE = PiggyBanksTests/Info.plist;
				LD_RUNPATH_SEARCH_PATHS = "$(inherited) @executable_path/Frameworks @loader_path/Frameworks";
				PRODUCT_NAME = "$(TARGET_NAME)";
				TEST_HOST = "$(BUILT_PRODUCTS_DIR)/PiggyBanks.app/PiggyBanks";
			};
			name = Release;
		};
/* End XCBuildConfiguration section */

/* Begin XCConfigurationList section */
		846123D51A9B918B008B1B4F /* Build configuration list for PBXProject "PiggyBanks" */ = {
			isa = XCConfigurationList;
			buildConfigurations = (
				846123F71A9B918B008B1B4F /* Debug */,
				846123F81A9B918B008B1B4F /* Release */,
			);
			defaultConfigurationIsVisible = 0;
			defaultConfigurationName = Release;
		};
		846123F91A9B918B008B1B4F /* Build configuration list for PBXNativeTarget "PiggyBanks" */ = {
			isa = XCConfigurationList;
			buildConfigurations = (
				846123FA1A9B918B008B1B4F /* Debug */,
				846123FB1A9B918B008B1B4F /* Release */,
			);
			defaultConfigurationIsVisible = 0;
			defaultConfigurationName = Release;
		};
		846123FC1A9B918B008B1B4F /* Build configuration list for PBXNativeTarget "PiggyBanksTests" */ = {
			isa = XCConfigurationList;
			buildConfigurations = (
				846123FD1A9B918B008B1B4F /* Debug */,
				846123FE1A9B918B008B1B4F /* Release */,
			);
			defaultConfigurationIsVisible = 0;
			defaultConfigurationName = Release;
		};
/* End XCConfigurationList section */

/* Begin XCVersionGroup section */
		84D6FB751AC476720042A95C /* PiggyBanks.xcdatamodeld */ = {
			isa = XCVersionGroup;
			children = (
				84D6FB761AC476720042A95C /* PiggyBanks.xcdatamodel */,
			);
			currentVersion = 84D6FB761AC476720042A95C /* PiggyBanks.xcdatamodel */;
			path = PiggyBanks.xcdatamodeld;
			sourceTree = "<group>";
			versionGroupType = wrapper.xcdatamodel;
		};
/* End XCVersionGroup section */
	};
	rootObject = 846123D21A9B918B008B1B4F /* Project object */;
}
